
Microsoft Visual Studio Solution File, Format Version 12.00
# Visual Studio Express 2013 for Windows Desktop
VisualStudioVersion = 12.0.40629.0
MinimumVisualStudioVersion = 10.0.40219.1
Project("{8BC9CEB8-8B4A-11D0-8D11-00A0C91BC942}") = "最大奇数与最小偶数之差的绝对值", "最大奇数与最小偶数之差的绝对值\最大奇数与最小偶数之差的绝对值.vcxproj", "{AE8D158B-B2D2-415E-A3A5-A92C588E0632}"
EndProject
Global
	GlobalSection(SolutionConfigurationPlatforms) = preSolution
		Debug|Win32 = Debug|Win32
		Release|Win32 = Release|Win32
	EndGlobalSection
	GlobalSection(ProjectConfigurationPlatforms) = postSolution
		{AE8D158B-B2D2-415E-A3A5-A92C588E0632}.Debug|Win32.ActiveCfg = Debug|Win32
		{AE8D158B-B2D2-415E-A3A5-A92C588E0632}.Debug|Win32.Build.0 = Debug|Win32
		{AE8D158B-B2D2-415E-A3A5-A92C588E0632}.Release|Win32.ActiveCfg = Release|Win32
		{AE8D158B-B2D2-415E-A3A5-A92C588E0632}.Release|Win32.Build.0 = Release|Win32
	EndGlobalSection
	GlobalSection(SolutionProperties) = preSolution
		HideSolutionNode = FALSE
	EndGlobalSection
EndGlobal
