
Microsoft Visual Studio Solution File, Format Version 12.00
# Visual Studio Express 2013 for Windows Desktop
VisualStudioVersion = 12.0.40629.0
MinimumVisualStudioVersion = 10.0.40219.1
Project("{8BC9CEB8-8B4A-11D0-8D11-00A0C91BC942}") = "字符串中次数第2多的字母", "字符串中次数第2多的字母\字符串中次数第2多的字母.vcxproj", "{FBEBA4CC-9762-41F0-B878-232E7833960C}"
EndProject
Global
	GlobalSection(SolutionConfigurationPlatforms) = preSolution
		Debug|Win32 = Debug|Win32
		Release|Win32 = Release|Win32
	EndGlobalSection
	GlobalSection(ProjectConfigurationPlatforms) = postSolution
		{FBEBA4CC-9762-41F0-B878-232E7833960C}.Debug|Win32.ActiveCfg = Debug|Win32
		{FBEBA4CC-9762-41F0-B878-232E7833960C}.Debug|Win32.Build.0 = Debug|Win32
		{FBEBA4CC-9762-41F0-B878-232E7833960C}.Release|Win32.ActiveCfg = Release|Win32
		{FBEBA4CC-9762-41F0-B878-232E7833960C}.Release|Win32.Build.0 = Release|Win32
	EndGlobalSection
	GlobalSection(SolutionProperties) = preSolution
		HideSolutionNode = FALSE
	EndGlobalSection
EndGlobal
