
Microsoft Visual Studio Solution File, Format Version 12.00
# Visual Studio 14
VisualStudioVersion = 14.0.25420.1
MinimumVisualStudioVersion = 10.0.40219.1
Project("{8BC9CEB8-8B4A-11D0-8D11-00A0C91BC942}") = "Link list in C++", "Link list in C++\Link list in C++.vcxproj", "{593012D0-9D39-4066-83C5-3C9570C475EF}"
EndProject
Global
	GlobalSection(SolutionConfigurationPlatforms) = preSolution
		Debug|x64 = Debug|x64
		Debug|x86 = Debug|x86
		Release|x64 = Release|x64
		Release|x86 = Release|x86
	EndGlobalSection
	GlobalSection(ProjectConfigurationPlatforms) = postSolution
		{593012D0-9D39-4066-83C5-3C9570C475EF}.Debug|x64.ActiveCfg = Debug|x64
		{593012D0-9D39-4066-83C5-3C9570C475EF}.Debug|x64.Build.0 = Debug|x64
		{593012D0-9D39-4066-83C5-3C9570C475EF}.Debug|x86.ActiveCfg = Debug|Win32
		{593012D0-9D39-4066-83C5-3C9570C475EF}.Debug|x86.Build.0 = Debug|Win32
		{593012D0-9D39-4066-83C5-3C9570C475EF}.Release|x64.ActiveCfg = Release|x64
		{593012D0-9D39-4066-83C5-3C9570C475EF}.Release|x64.Build.0 = Release|x64
		{593012D0-9D39-4066-83C5-3C9570C475EF}.Release|x86.ActiveCfg = Release|Win32
		{593012D0-9D39-4066-83C5-3C9570C475EF}.Release|x86.Build.0 = Release|Win32
	EndGlobalSection
	GlobalSection(SolutionProperties) = preSolution
		HideSolutionNode = FALSE
	EndGlobalSection
EndGlobal
